// !$*UTF8*$!
{
	archiveVersion = 1;
	classes = {
	};
	objectVersion = 46;
	objects = {

/* Begin PBXBuildFile section */
		F40A9078169A6A0900B68297 /* UIKit.framework in Frameworks */ = {isa = PBXBuildFile; fileRef = F40A9077169A6A0900B68297 /* UIKit.framework */; };
		F40A907A169A6A0900B68297 /* Foundation.framework in Frameworks */ = {isa = PBXBuildFile; fileRef = F40A9079169A6A0900B68297 /* Foundation.framework */; };
		F40A907C169A6A0900B68297 /* CoreGraphics.framework in Frameworks */ = {isa = PBXBuildFile; fileRef = F40A907B169A6A0900B68297 /* CoreGraphics.framework */; };
		F40A9082169A6A0900B68297 /* InfoPlist.strings in Resources */ = {isa = PBXBuildFile; fileRef = F40A9080169A6A0900B68297 /* InfoPlist.strings */; };
		F40A9084169A6A0900B68297 /* main.m in Sources */ = {isa = PBXBuildFile; fileRef = F40A9083169A6A0900B68297 /* main.m */; };
		F40A9088169A6A0900B68297 /* AppDelegate.m in Sources */ = {isa = PBXBuildFile; fileRef = F40A9087169A6A0900B68297 /* AppDelegate.m */; };
		F40A908A169A6A0900B68297 /* Default.png in Resources */ = {isa = PBXBuildFile; fileRef = F40A9089169A6A0900B68297 /* Default.png */; };
		F40A908C169A6A0900B68297 /* Default@2x.png in Resources */ = {isa = PBXBuildFile; fileRef = F40A908B169A6A0900B68297 /* Default@2x.png */; };
		F40A908E169A6A0900B68297 /* Default-568h@2x.png in Resources */ = {isa = PBXBuildFile; fileRef = F40A908D169A6A0900B68297 /* Default-568h@2x.png */; };
		F40A9091169A6A0900B68297 /* ViewController.m in Sources */ = {isa = PBXBuildFile; fileRef = F40A9090169A6A0900B68297 /* ViewController.m */; };
		F40A9094169A6A0900B68297 /* ViewController.xib in Resources */ = {isa = PBXBuildFile; fileRef = F40A9092169A6A0900B68297 /* ViewController.xib */; };
/* End PBXBuildFile section */

/* Begin PBXFileReference section */
		F40A9073169A6A0900B68297 /* UIApp.app */ = {isa = PBXFileReference; explicitFileType = wrapper.application; includeInIndex = 0; path = UIApp.app; sourceTree = BUILT_PRODUCTS_DIR; };
		F40A9077169A6A0900B68297 /* UIKit.framework */ = {isa = PBXFileReference; lastKnownFileType = wrapper.framework; name = UIKit.framework; path = System/Library/Frameworks/UIKit.framework; sourceTree = SDKROOT; };
		F40A9079169A6A0900B68297 /* Foundation.framework */ = {isa = PBXFileReference; lastKnownFileType = wrapper.framework; name = Foundation.framework; path = System/Library/Frameworks/Foundation.framework; sourceTree = SDKROOT; };
		F40A907B169A6A0900B68297 /* CoreGraphics.framework */ = {isa = PBXFileReference; lastKnownFileType = wrapper.framework; name = CoreGraphics.framework; path = System/Library/Frameworks/CoreGraphics.framework; sourceTree = SDKROOT; };
		F40A907F169A6A0900B68297 /* UIApp-Info.plist */ = {isa = PBXFileReference; lastKnownFileType = text.plist.xml; path = "UIApp-Info.plist"; sourceTree = "<group>"; };
		F40A9081169A6A0900B68297 /* en */ = {isa = PBXFileReference; lastKnownFileType = text.plist.strings; name = en; path = en.lproj/InfoPlist.strings; sourceTree = "<group>"; };
		F40A9083169A6A0900B68297 /* main.m */ = {isa = PBXFileReference; lastKnownFileType = sourcecode.c.objc; path = main.m; sourceTree = "<group>"; };
		F40A9085169A6A0900B68297 /* UIApp-Prefix.pch */ = {isa = PBXFileReference; lastKnownFileType = sourcecode.c.h; path = "UIApp-Prefix.pch"; sourceTree = "<group>"; };
		F40A9086169A6A0900B68297 /* AppDelegate.h */ = {isa = PBXFileReference; lastKnownFileType = sourcecode.c.h; path = AppDelegate.h; sourceTree = "<group>"; };
		F40A9087169A6A0900B68297 /* AppDelegate.m */ = {isa = PBXFileReference; lastKnownFileType = sourcecode.c.objc; path = AppDelegate.m; sourceTree = "<group>"; };
		F40A9089169A6A0900B68297 /* Default.png */ = {isa = PBXFileReference; lastKnownFileType = image.png; path = Default.png; sourceTree = "<group>"; };
		F40A908B169A6A0900B68297 /* Default@2x.png */ = {isa = PBXFileReference; lastKnownFileType = image.png; path = "Default@2x.png"; sourceTree = "<group>"; };
		F40A908D169A6A0900B68297 /* Default-568h@2x.png */ = {isa = PBXFileReference; lastKnownFileType = image.png; path = "Default-568h@2x.png"; sourceTree = "<group>"; };
		F40A908F169A6A0900B68297 /* ViewController.h */ = {isa = PBXFileReference; lastKnownFileType = sourcecode.c.h; path = ViewController.h; sourceTree = "<group>"; };
		F40A9090169A6A0900B68297 /* ViewController.m */ = {isa = PBXFileReference; lastKnownFileType = sourcecode.c.objc; path = ViewController.m; sourceTree = "<group>"; };
		F40A9093169A6A0900B68297 /* en */ = {isa = PBXFileReference; lastKnownFileType = file.xib; name = en; path = en.lproj/ViewController.xib; sourceTree = "<group>"; };
/* End PBXFileReference section */

/* Begin PBXFrameworksBuildPhase section */
		F40A9070169A6A0900B68297 /* Frameworks */ = {
			isa = PBXFrameworksBuildPhase;
			buildActionMask = 2147483647;
			files = (
				F40A9078169A6A0900B68297 /* UIKit.framework in Frameworks */,
				F40A907A169A6A0900B68297 /* Foundation.framework in Frameworks */,
				F40A907C169A6A0900B68297 /* CoreGraphics.framework in Frameworks */,
			);
			runOnlyForDeploymentPostprocessing = 0;
		};
/* End PBXFrameworksBuildPhase section */

/* Begin PBXGroup section */
		F40A9068169A6A0900B68297 = {
			isa = PBXGroup;
			children = (
				F40A907D169A6A0900B68297 /* UIApp */,
				F40A9076169A6A0900B68297 /* Frameworks */,
				F40A9074169A6A0900B68297 /* Products */,
			);
			sourceTree = "<group>";
		};
		F40A9074169A6A0900B68297 /* Products */ = {
			isa = PBXGroup;
			children = (
				F40A9073169A6A0900B68297 /* UIApp.app */,
			);
			name = Products;
			sourceTree = "<group>";
		};
		F40A9076169A6A0900B68297 /* Frameworks */ = {
			isa = PBXGroup;
			children = (
				F40A9077169A6A0900B68297 /* UIKit.framework */,
				F40A9079169A6A0900B68297 /* Foundation.framework */,
				F40A907B169A6A0900B68297 /* CoreGraphics.framework */,
			);
			name = Frameworks;
			sourceTree = "<group>";
		};
		F40A907D169A6A0900B68297 /* UIApp */ = {
			isa = PBXGroup;
			children = (
				F40A9086169A6A0900B68297 /* AppDelegate.h */,
				F40A9087169A6A0900B68297 /* AppDelegate.m */,
				F40A908F169A6A0900B68297 /* ViewController.h */,
				F40A9090169A6A0900B68297 /* ViewController.m */,
				F40A9092169A6A0900B68297 /* ViewController.xib */,
				F40A907E169A6A0900B68297 /* Supporting Files */,
			);
			path = UIApp;
			sourceTree = "<group>";
		};
		F40A907E169A6A0900B68297 /* Supporting Files */ = {
			isa = PBXGroup;
			children = (
				F40A907F169A6A0900B68297 /* UIApp-Info.plist */,
				F40A9080169A6A0900B68297 /* InfoPlist.strings */,
				F40A9083169A6A0900B68297 /* main.m */,
				F40A9085169A6A0900B68297 /* UIApp-Prefix.pch */,
				F40A9089169A6A0900B68297 /* Default.png */,
				F40A908B169A6A0900B68297 /* Default@2x.png */,
				F40A908D169A6A0900B68297 /* Default-568h@2x.png */,
			);
			name = "Supporting Files";
			sourceTree = "<group>";
		};
/* End PBXGroup section */

/* Begin PBXNativeTarget section */
		F40A9072169A6A0900B68297 /* UIApp */ = {
			isa = PBXNativeTarget;
			buildConfigurationList = F40A9097169A6A0900B68297 /* Build configuration list for PBXNativeTarget "UIApp" */;
			buildPhases = (
				F40A906F169A6A0900B68297 /* Sources */,
				F40A9070169A6A0900B68297 /* Frameworks */,
				F40A9071169A6A0900B68297 /* Resources */,
			);
			buildRules = (
			);
			dependencies = (
			);
			name = UIApp;
			productName = UIApp;
			productReference = F40A9073169A6A0900B68297 /* UIApp.app */;
			productType = "com.apple.product-type.application";
		};
/* End PBXNativeTarget section */

/* Begin PBXProject section */
		F40A906A169A6A0900B68297 /* Project object */ = {
			isa = PBXProject;
			attributes = {
				LastUpgradeCheck = 0450;
				ORGANIZATIONNAME = "erlz nuo";
			};
			buildConfigurationList = F40A906D169A6A0900B68297 /* Build configuration list for PBXProject "UIApp" */;
			compatibilityVersion = "Xcode 3.2";
			developmentRegion = English;
			hasScannedForEncodings = 0;
			knownRegions = (
				en,
			);
			mainGroup = F40A9068169A6A0900B68297;
			productRefGroup = F40A9074169A6A0900B68297 /* Products */;
			projectDirPath = "";
			projectRoot = "";
			targets = (
				F40A9072169A6A0900B68297 /* UIApp */,
			);
		};
/* End PBXProject section */

/* Begin PBXResourcesBuildPhase section */
		F40A9071169A6A0900B68297 /* Resources */ = {
			isa = PBXResourcesBuildPhase;
			buildActionMask = 2147483647;
			files = (
				F40A9082169A6A0900B68297 /* InfoPlist.strings in Resources */,
				F40A908A169A6A0900B68297 /* Default.png in Resources */,
				F40A908C169A6A0900B68297 /* Default@2x.png in Resources */,
				F40A908E169A6A0900B68297 /* Default-568h@2x.png in Resources */,
				F40A9094169A6A0900B68297 /* ViewController.xib in Resources */,
			);
			runOnlyForDeploymentPostprocessing = 0;
		};
/* End PBXResourcesBuildPhase section */

/* Begin PBXSourcesBuildPhase section */
		F40A906F169A6A0900B68297 /* Sources */ = {
			isa = PBXSourcesBuildPhase;
			buildActionMask = 2147483647;
			files = (
				F40A9084169A6A0900B68297 /* main.m in Sources */,
				F40A9088169A6A0900B68297 /* AppDelegate.m in Sources */,
				F40A9091169A6A0900B68297 /* ViewController.m in Sources */,
			);
			runOnlyForDeploymentPostprocessing = 0;
		};
/* End PBXSourcesBuildPhase section */

/* Begin PBXVariantGroup section */
		F40A9080169A6A0900B68297 /* InfoPlist.strings */ = {
			isa = PBXVariantGroup;
			children = (
				F40A9081169A6A0900B68297 /* en */,
			);
			name = InfoPlist.strings;
			sourceTree = "<group>";
		};
		F40A9092169A6A0900B68297 /* ViewController.xib */ = {
			isa = PBXVariantGroup;
			children = (
				F40A9093169A6A0900B68297 /* en */,
			);
			name = ViewController.xib;
			sourceTree = "<group>";
		};
/* End PBXVariantGroup section */

/* Begin XCBuildConfiguration section */
		F40A9095169A6A0900B68297 /* Debug */ = {
			isa = XCBuildConfiguration;
			buildSettings = {
				ALWAYS_SEARCH_USER_PATHS = NO;
				CLANG_CXX_LANGUAGE_STANDARD = "gnu++0x";
				CLANG_CXX_LIBRARY = "libc++";
				CLANG_WARN_EMPTY_BODY = YES;
				CLANG_WARN__DUPLICATE_METHOD_MATCH = YES;
				"CODE_SIGN_IDENTITY[sdk=iphoneos*]" = "iPhone Developer";
				COPY_PHASE_STRIP = NO;
				GCC_C_LANGUAGE_STANDARD = gnu99;
				GCC_DYNAMIC_NO_PIC = NO;
				GCC_OPTIMIZATION_LEVEL = 0;
				GCC_PREPROCESSOR_DEFINITIONS = (
					"DEBUG=1",
					"$(inherited)",
				);
				GCC_SYMBOLS_PRIVATE_EXTERN = NO;
				GCC_WARN_ABOUT_RETURN_TYPE = YES;
				GCC_WARN_UNINITIALIZED_AUTOS = YES;
				GCC_WARN_UNUSED_VARIABLE = YES;
				IPHONEOS_DEPLOYMENT_TARGET = 4.3;
				ONLY_ACTIVE_ARCH = YES;
				SDKROOT = iphoneos;
			};
			name = Debug;
		};
		F40A9096169A6A0900B68297 /* Release */ = {
			isa = XCBuildConfiguration;
			buildSettings = {
				ALWAYS_SEARCH_USER_PATHS = NO;
				CLANG_CXX_LANGUAGE_STANDARD = "gnu++0x";
				CLANG_CXX_LIBRARY = "libc++";
				CLANG_WARN_EMPTY_BODY = YES;
				CLANG_WARN__DUPLICATE_METHOD_MATCH = YES;
				"CODE_SIGN_IDENTITY[sdk=iphoneos*]" = "iPhone Developer";
				COPY_PHASE_STRIP = YES;
				GCC_C_LANGUAGE_STANDARD = gnu99;
				GCC_WARN_ABOUT_RETURN_TYPE = YES;
				GCC_WARN_UNINITIALIZED_AUTOS = YES;
				GCC_WARN_UNUSED_VARIABLE = YES;
				IPHONEOS_DEPLOYMENT_TARGET = 4.3;
				OTHER_CFLAGS = "-DNS_BLOCK_ASSERTIONS=1";
				SDKROOT = iphoneos;
				VALIDATE_PRODUCT = YES;
			};
			name = Release;
		};
		F40A9098169A6A0900B68297 /* Debug */ = {
			isa = XCBuildConfiguration;
			buildSettings = {
				GCC_PRECOMPILE_PREFIX_HEADER = YES;
				GCC_PREFIX_HEADER = "UIApp/UIApp-Prefix.pch";
				INFOPLIST_FILE = "UIApp/UIApp-Info.plist";
				PRODUCT_NAME = "$(TARGET_NAME)";
				WRAPPER_EXTENSION = app;
			};
			name = Debug;
		};
		F40A9099169A6A0900B68297 /* Release */ = {
			isa = XCBuildConfiguration;
			buildSettings = {
				GCC_PRECOMPILE_PREFIX_HEADER = YES;
				GCC_PREFIX_HEADER = "UIApp/UIApp-Prefix.pch";
				INFOPLIST_FILE = "UIApp/UIApp-Info.plist";
				PRODUCT_NAME = "$(TARGET_NAME)";
				WRAPPER_EXTENSION = app;
			};
			name = Release;
		};
/* End XCBuildConfiguration section */

/* Begin XCConfigurationList section */
		F40A906D169A6A0900B68297 /* Build configuration list for PBXProject "UIApp" */ = {
			isa = XCConfigurationList;
			buildConfigurations = (
				F40A9095169A6A0900B68297 /* Debug */,
				F40A9096169A6A0900B68297 /* Release */,
			);
			defaultConfigurationIsVisible = 0;
			defaultConfigurationName = Release;
		};
		F40A9097169A6A0900B68297 /* Build configuration list for PBXNativeTarget "UIApp" */ = {
			isa = XCConfigurationList;
			buildConfigurations = (
				F40A9098169A6A0900B68297 /* Debug */,
				F40A9099169A6A0900B68297 /* Release */,
			);
			defaultConfigurationIsVisible = 0;
		};
/* End XCConfigurationList section */
	};
	rootObject = F40A906A169A6A0900B68297 /* Project object */;
}
